
Microsoft Visual Studio Solution File, Format Version 11.00
# Visual Studio 2010
Project("{FAE04EC0-301F-11D3-BF4B-00C04F79EFBC}") = "CNNWB", "CNNWB\CNNWB.csproj", "{144C1CDE-45E3-4865-99EF-6EC04CDBABC5}"
EndProject
Project("{FAE04EC0-301F-11D3-BF4B-00C04F79EFBC}") = "Core", "WindowsAPICodePack\Core\Core.csproj", "{2E1FB0DF-F9BB-4909-9F32-2D9D022A8E57}"
EndProject
Project("{FAE04EC0-301F-11D3-BF4B-00C04F79EFBC}") = "Shell", "WindowsAPICodePack\Shell\Shell.csproj", "{AA0C00CB-8699-4F37-BFAE-40CA87ACC06D}"
EndProject
Project("{FAE04EC0-301F-11D3-BF4B-00C04F79EFBC}") = "ShellExtensions", "WindowsAPICodePack\ShellExtensions\ShellExtensions.csproj", "{F3C863EC-33F4-4ED2-9D67-00BF3EEEAB64}"
EndProject
Project("{FAE04EC0-301F-11D3-BF4B-00C04F79EFBC}") = "TestCNNWB", "TestCNNWB\TestCNNWB.csproj", "{89FBB7C7-09AC-4407-876E-F9B3E6A8EE2F}"
EndProject
Project("{2150E333-8FDC-42A3-9474-1A3956D46DE8}") = "Solution Items", "Solution Items", "{032847C2-0EBD-4E7F-BE7B-37F71C171FAB}"
	ProjectSection(SolutionItems) = preProject
		CNNWB.vsmdi = CNNWB.vsmdi
		Local.testsettings = Local.testsettings
		TraceAndTestImpact.testsettings = TraceAndTestImpact.testsettings
	EndProjectSection
EndProject
Project("{FAE04EC0-301F-11D3-BF4B-00C04F79EFBC}") = "Swordfish.WPF.Charts.2008", "Swordfish.WPF.Charts\Swordfish.WPF.Charts.2008.csproj", "{455B0C11-236A-4A4E-956F-1A3E41B7260B}"
EndProject
Global
	GlobalSection(TestCaseManagementSettings) = postSolution
		CategoryFile = CNNWB.vsmdi
	EndGlobalSection
	GlobalSection(SolutionConfigurationPlatforms) = preSolution
		CodeAnalysisDebug|Any CPU = CodeAnalysisDebug|Any CPU
		CodeAnalysisDebug|Mixed Platforms = CodeAnalysisDebug|Mixed Platforms
		CodeAnalysisDebug|Win32 = CodeAnalysisDebug|Win32
		CodeAnalysisDebug|x64 = CodeAnalysisDebug|x64
		CodeAnalysisDebug|x86 = CodeAnalysisDebug|x86
		Debug with FxCop|Any CPU = Debug with FxCop|Any CPU
		Debug with FxCop|Mixed Platforms = Debug with FxCop|Mixed Platforms
		Debug with FxCop|Win32 = Debug with FxCop|Win32
		Debug with FxCop|x64 = Debug with FxCop|x64
		Debug with FxCop|x86 = Debug with FxCop|x86
		Debug|Any CPU = Debug|Any CPU
		Debug|Mixed Platforms = Debug|Mixed Platforms
		Debug|Win32 = Debug|Win32
		Debug|x64 = Debug|x64
		Debug|x86 = Debug|x86
		Release with FxCop|Any CPU = Release with FxCop|Any CPU
		Release with FxCop|Mixed Platforms = Release with FxCop|Mixed Platforms
		Release with FxCop|Win32 = Release with FxCop|Win32
		Release with FxCop|x64 = Release with FxCop|x64
		Release with FxCop|x86 = Release with FxCop|x86
		Release|Any CPU = Release|Any CPU
		Release|Mixed Platforms = Release|Mixed Platforms
		Release|Win32 = Release|Win32
		Release|x64 = Release|x64
		Release|x86 = Release|x86
	EndGlobalSection
	GlobalSection(ProjectConfigurationPlatforms) = postSolution
		{144C1CDE-45E3-4865-99EF-6EC04CDBABC5}.CodeAnalysisDebug|Any CPU.ActiveCfg = Debug|Any CPU
		{144C1CDE-45E3-4865-99EF-6EC04CDBABC5}.CodeAnalysisDebug|Any CPU.Build.0 = Debug|Any CPU
		{144C1CDE-45E3-4865-99EF-6EC04CDBABC5}.CodeAnalysisDebug|Mixed Platforms.ActiveCfg = Debug|Any CPU
		{144C1CDE-45E3-4865-99EF-6EC04CDBABC5}.CodeAnalysisDebug|Mixed Platforms.Build.0 = Debug|Any CPU
		{144C1CDE-45E3-4865-99EF-6EC04CDBABC5}.CodeAnalysisDebug|Win32.ActiveCfg = Debug|Any CPU
		{144C1CDE-45E3-4865-99EF-6EC04CDBABC5}.CodeAnalysisDebug|x64.ActiveCfg = Debug|Any CPU
		{144C1CDE-45E3-4865-99EF-6EC04CDBABC5}.CodeAnalysisDebug|x86.ActiveCfg = Debug|x86
		{144C1CDE-45E3-4865-99EF-6EC04CDBABC5}.CodeAnalysisDebug|x86.Build.0 = Debug|x86
		{144C1CDE-45E3-4865-99EF-6EC04CDBABC5}.Debug with FxCop|Any CPU.ActiveCfg = Debug|Any CPU
		{144C1CDE-45E3-4865-99EF-6EC04CDBABC5}.Debug with FxCop|Any CPU.Build.0 = Debug|Any CPU
		{144C1CDE-45E3-4865-99EF-6EC04CDBABC5}.Debug with FxCop|Mixed Platforms.ActiveCfg = Debug|Any CPU
		{144C1CDE-45E3-4865-99EF-6EC04CDBABC5}.Debug with FxCop|Mixed Platforms.Build.0 = Debug|Any CPU
		{144C1CDE-45E3-4865-99EF-6EC04CDBABC5}.Debug with FxCop|Win32.ActiveCfg = Debug|Any CPU
		{144C1CDE-45E3-4865-99EF-6EC04CDBABC5}.Debug with FxCop|x64.ActiveCfg = Debug|Any CPU
		{144C1CDE-45E3-4865-99EF-6EC04CDBABC5}.Debug with FxCop|x86.ActiveCfg = Debug|Any CPU
		{144C1CDE-45E3-4865-99EF-6EC04CDBABC5}.Debug|Any CPU.ActiveCfg = Debug|Any CPU
		{144C1CDE-45E3-4865-99EF-6EC04CDBABC5}.Debug|Any CPU.Build.0 = Debug|Any CPU
		{144C1CDE-45E3-4865-99EF-6EC04CDBABC5}.Debug|Mixed Platforms.ActiveCfg = Debug|Any CPU
		{144C1CDE-45E3-4865-99EF-6EC04CDBABC5}.Debug|Mixed Platforms.Build.0 = Debug|Any CPU
		{144C1CDE-45E3-4865-99EF-6EC04CDBABC5}.Debug|Win32.ActiveCfg = Debug|Any CPU
		{144C1CDE-45E3-4865-99EF-6EC04CDBABC5}.Debug|x64.ActiveCfg = Debug|x86
		{144C1CDE-45E3-4865-99EF-6EC04CDBABC5}.Debug|x86.ActiveCfg = Debug|x86
		{144C1CDE-45E3-4865-99EF-6EC04CDBABC5}.Debug|x86.Build.0 = Debug|x86
		{144C1CDE-45E3-4865-99EF-6EC04CDBABC5}.Release with FxCop|Any CPU.ActiveCfg = Release|Any CPU
		{144C1CDE-45E3-4865-99EF-6EC04CDBABC5}.Release with FxCop|Any CPU.Build.0 = Release|Any CPU
		{144C1CDE-45E3-4865-99EF-6EC04CDBABC5}.Release with FxCop|Mixed Platforms.ActiveCfg = Release|Any CPU
		{144C1CDE-45E3-4865-99EF-6EC04CDBABC5}.Release with FxCop|Mixed Platforms.Build.0 = Release|Any CPU
		{144C1CDE-45E3-4865-99EF-6EC04CDBABC5}.Release with FxCop|Win32.ActiveCfg = Release|Any CPU
		{144C1CDE-45E3-4865-99EF-6EC04CDBABC5}.Release with FxCop|x64.ActiveCfg = Release|Any CPU
		{144C1CDE-45E3-4865-99EF-6EC04CDBABC5}.Release with FxCop|x86.ActiveCfg = Release|Any CPU
		{144C1CDE-45E3-4865-99EF-6EC04CDBABC5}.Release|Any CPU.ActiveCfg = Release|Any CPU
		{144C1CDE-45E3-4865-99EF-6EC04CDBABC5}.Release|Any CPU.Build.0 = Release|Any CPU
		{144C1CDE-45E3-4865-99EF-6EC04CDBABC5}.Release|Mixed Platforms.ActiveCfg = Release|Any CPU
		{144C1CDE-45E3-4865-99EF-6EC04CDBABC5}.Release|Mixed Platforms.Build.0 = Release|Any CPU
		{144C1CDE-45E3-4865-99EF-6EC04CDBABC5}.Release|Win32.ActiveCfg = Release|Any CPU
		{144C1CDE-45E3-4865-99EF-6EC04CDBABC5}.Release|x64.ActiveCfg = Release|x86
		{144C1CDE-45E3-4865-99EF-6EC04CDBABC5}.Release|x86.ActiveCfg = Release|x86
		{144C1CDE-45E3-4865-99EF-6EC04CDBABC5}.Release|x86.Build.0 = Release|x86
		{2E1FB0DF-F9BB-4909-9F32-2D9D022A8E57}.CodeAnalysisDebug|Any CPU.ActiveCfg = Debug|Any CPU
		{2E1FB0DF-F9BB-4909-9F32-2D9D022A8E57}.CodeAnalysisDebug|Any CPU.Build.0 = Debug|Any CPU
		{2E1FB0DF-F9BB-4909-9F32-2D9D022A8E57}.CodeAnalysisDebug|Mixed Platforms.ActiveCfg = Debug|Any CPU
		{2E1FB0DF-F9BB-4909-9F32-2D9D022A8E57}.CodeAnalysisDebug|Mixed Platforms.Build.0 = Debug|Any CPU
		{2E1FB0DF-F9BB-4909-9F32-2D9D022A8E57}.CodeAnalysisDebug|Win32.ActiveCfg = Debug|x64
		{2E1FB0DF-F9BB-4909-9F32-2D9D022A8E57}.CodeAnalysisDebug|x64.ActiveCfg = Debug|x64
		{2E1FB0DF-F9BB-4909-9F32-2D9D022A8E57}.CodeAnalysisDebug|x64.Build.0 = Debug|x64
		{2E1FB0DF-F9BB-4909-9F32-2D9D022A8E57}.CodeAnalysisDebug|x86.ActiveCfg = Debug|Any CPU
		{2E1FB0DF-F9BB-4909-9F32-2D9D022A8E57}.Debug with FxCop|Any CPU.ActiveCfg = Debug|x64
		{2E1FB0DF-F9BB-4909-9F32-2D9D022A8E57}.Debug with FxCop|Mixed Platforms.ActiveCfg = Debug|x64
		{2E1FB0DF-F9BB-4909-9F32-2D9D022A8E57}.Debug with FxCop|Mixed Platforms.Build.0 = Debug|x64
		{2E1FB0DF-F9BB-4909-9F32-2D9D022A8E57}.Debug with FxCop|Win32.ActiveCfg = Debug|x64
		{2E1FB0DF-F9BB-4909-9F32-2D9D022A8E57}.Debug with FxCop|x64.ActiveCfg = Debug|x64
		{2E1FB0DF-F9BB-4909-9F32-2D9D022A8E57}.Debug with FxCop|x64.Build.0 = Debug|x64
		{2E1FB0DF-F9BB-4909-9F32-2D9D022A8E57}.Debug with FxCop|x86.ActiveCfg = Debug|x64
		{2E1FB0DF-F9BB-4909-9F32-2D9D022A8E57}.Debug|Any CPU.ActiveCfg = Debug|Any CPU
		{2E1FB0DF-F9BB-4909-9F32-2D9D022A8E57}.Debug|Any CPU.Build.0 = Debug|Any CPU
		{2E1FB0DF-F9BB-4909-9F32-2D9D022A8E57}.Debug|Mixed Platforms.ActiveCfg = Debug|Any CPU
		{2E1FB0DF-F9BB-4909-9F32-2D9D022A8E57}.Debug|Mixed Platforms.Build.0 = Debug|Any CPU
		{2E1FB0DF-F9BB-4909-9F32-2D9D022A8E57}.Debug|Win32.ActiveCfg = Debug|x64
		{2E1FB0DF-F9BB-4909-9F32-2D9D022A8E57}.Debug|x64.ActiveCfg = Debug|x64
		{2E1FB0DF-F9BB-4909-9F32-2D9D022A8E57}.Debug|x64.Build.0 = Debug|x64
		{2E1FB0DF-F9BB-4909-9F32-2D9D022A8E57}.Debug|x86.ActiveCfg = Debug|Any CPU
		{2E1FB0DF-F9BB-4909-9F32-2D9D022A8E57}.Release with FxCop|Any CPU.ActiveCfg = Release|x64
		{2E1FB0DF-F9BB-4909-9F32-2D9D022A8E57}.Release with FxCop|Mixed Platforms.ActiveCfg = Release|x64
		{2E1FB0DF-F9BB-4909-9F32-2D9D022A8E57}.Release with FxCop|Mixed Platforms.Build.0 = Release|x64
		{2E1FB0DF-F9BB-4909-9F32-2D9D022A8E57}.Release with FxCop|Win32.ActiveCfg = Release|x64
		{2E1FB0DF-F9BB-4909-9F32-2D9D022A8E57}.Release with FxCop|x64.ActiveCfg = Release|x64
		{2E1FB0DF-F9BB-4909-9F32-2D9D022A8E57}.Release with FxCop|x64.Build.0 = Release|x64
		{2E1FB0DF-F9BB-4909-9F32-2D9D022A8E57}.Release with FxCop|x86.ActiveCfg = Release|x64
		{2E1FB0DF-F9BB-4909-9F32-2D9D022A8E57}.Release|Any CPU.ActiveCfg = Release|Any CPU
		{2E1FB0DF-F9BB-4909-9F32-2D9D022A8E57}.Release|Any CPU.Build.0 = Release|Any CPU
		{2E1FB0DF-F9BB-4909-9F32-2D9D022A8E57}.Release|Mixed Platforms.ActiveCfg = Release|Any CPU
		{2E1FB0DF-F9BB-4909-9F32-2D9D022A8E57}.Release|Mixed Platforms.Build.0 = Release|Any CPU
		{2E1FB0DF-F9BB-4909-9F32-2D9D022A8E57}.Release|Win32.ActiveCfg = Release|x64
		{2E1FB0DF-F9BB-4909-9F32-2D9D022A8E57}.Release|x64.ActiveCfg = Release|x64
		{2E1FB0DF-F9BB-4909-9F32-2D9D022A8E57}.Release|x64.Build.0 = Release|x64
		{2E1FB0DF-F9BB-4909-9F32-2D9D022A8E57}.Release|x86.ActiveCfg = Release|Any CPU
		{AA0C00CB-8699-4F37-BFAE-40CA87ACC06D}.CodeAnalysisDebug|Any CPU.ActiveCfg = CodeAnalysisDebug|Any CPU
		{AA0C00CB-8699-4F37-BFAE-40CA87ACC06D}.CodeAnalysisDebug|Any CPU.Build.0 = CodeAnalysisDebug|Any CPU
		{AA0C00CB-8699-4F37-BFAE-40CA87ACC06D}.CodeAnalysisDebug|Mixed Platforms.ActiveCfg = CodeAnalysisDebug|Any CPU
		{AA0C00CB-8699-4F37-BFAE-40CA87ACC06D}.CodeAnalysisDebug|Mixed Platforms.Build.0 = CodeAnalysisDebug|Any CPU
		{AA0C00CB-8699-4F37-BFAE-40CA87ACC06D}.CodeAnalysisDebug|Win32.ActiveCfg = CodeAnalysisDebug|x64
		{AA0C00CB-8699-4F37-BFAE-40CA87ACC06D}.CodeAnalysisDebug|x64.ActiveCfg = CodeAnalysisDebug|x64
		{AA0C00CB-8699-4F37-BFAE-40CA87ACC06D}.CodeAnalysisDebug|x64.Build.0 = CodeAnalysisDebug|x64
		{AA0C00CB-8699-4F37-BFAE-40CA87ACC06D}.CodeAnalysisDebug|x86.ActiveCfg = CodeAnalysisDebug|Any CPU
		{AA0C00CB-8699-4F37-BFAE-40CA87ACC06D}.Debug with FxCop|Any CPU.ActiveCfg = Debug|x64
		{AA0C00CB-8699-4F37-BFAE-40CA87ACC06D}.Debug with FxCop|Mixed Platforms.ActiveCfg = Debug|x64
		{AA0C00CB-8699-4F37-BFAE-40CA87ACC06D}.Debug with FxCop|Mixed Platforms.Build.0 = Debug|x64
		{AA0C00CB-8699-4F37-BFAE-40CA87ACC06D}.Debug with FxCop|Win32.ActiveCfg = Debug|x64
		{AA0C00CB-8699-4F37-BFAE-40CA87ACC06D}.Debug with FxCop|x64.ActiveCfg = Debug|x64
		{AA0C00CB-8699-4F37-BFAE-40CA87ACC06D}.Debug with FxCop|x64.Build.0 = Debug|x64
		{AA0C00CB-8699-4F37-BFAE-40CA87ACC06D}.Debug with FxCop|x86.ActiveCfg = Debug|x64
		{AA0C00CB-8699-4F37-BFAE-40CA87ACC06D}.Debug|Any CPU.ActiveCfg = Debug|Any CPU
		{AA0C00CB-8699-4F37-BFAE-40CA87ACC06D}.Debug|Any CPU.Build.0 = Debug|Any CPU
		{AA0C00CB-8699-4F37-BFAE-40CA87ACC06D}.Debug|Mixed Platforms.ActiveCfg = Debug|Any CPU
		{AA0C00CB-8699-4F37-BFAE-40CA87ACC06D}.Debug|Mixed Platforms.Build.0 = Debug|Any CPU
		{AA0C00CB-8699-4F37-BFAE-40CA87ACC06D}.Debug|Win32.ActiveCfg = Debug|x64
		{AA0C00CB-8699-4F37-BFAE-40CA87ACC06D}.Debug|x64.ActiveCfg = Debug|x64
		{AA0C00CB-8699-4F37-BFAE-40CA87ACC06D}.Debug|x64.Build.0 = Debug|x64
		{AA0C00CB-8699-4F37-BFAE-40CA87ACC06D}.Debug|x86.ActiveCfg = Debug|Any CPU
		{AA0C00CB-8699-4F37-BFAE-40CA87ACC06D}.Release with FxCop|Any CPU.ActiveCfg = Release|x64
		{AA0C00CB-8699-4F37-BFAE-40CA87ACC06D}.Release with FxCop|Mixed Platforms.ActiveCfg = Release|x64
		{AA0C00CB-8699-4F37-BFAE-40CA87ACC06D}.Release with FxCop|Mixed Platforms.Build.0 = Release|x64
		{AA0C00CB-8699-4F37-BFAE-40CA87ACC06D}.Release with FxCop|Win32.ActiveCfg = Release|x64
		{AA0C00CB-8699-4F37-BFAE-40CA87ACC06D}.Release with FxCop|x64.ActiveCfg = Release|x64
		{AA0C00CB-8699-4F37-BFAE-40CA87ACC06D}.Release with FxCop|x64.Build.0 = Release|x64
		{AA0C00CB-8699-4F37-BFAE-40CA87ACC06D}.Release with FxCop|x86.ActiveCfg = Release|x64
		{AA0C00CB-8699-4F37-BFAE-40CA87ACC06D}.Release|Any CPU.ActiveCfg = Release|Any CPU
		{AA0C00CB-8699-4F37-BFAE-40CA87ACC06D}.Release|Any CPU.Build.0 = Release|Any CPU
		{AA0C00CB-8699-4F37-BFAE-40CA87ACC06D}.Release|Mixed Platforms.ActiveCfg = Release|Any CPU
		{AA0C00CB-8699-4F37-BFAE-40CA87ACC06D}.Release|Mixed Platforms.Build.0 = Release|Any CPU
		{AA0C00CB-8699-4F37-BFAE-40CA87ACC06D}.Release|Win32.ActiveCfg = Release|x64
		{AA0C00CB-8699-4F37-BFAE-40CA87ACC06D}.Release|x64.ActiveCfg = Release|x64
		{AA0C00CB-8699-4F37-BFAE-40CA87ACC06D}.Release|x64.Build.0 = Release|x64
		{AA0C00CB-8699-4F37-BFAE-40CA87ACC06D}.Release|x86.ActiveCfg = Release|Any CPU
		{F3C863EC-33F4-4ED2-9D67-00BF3EEEAB64}.CodeAnalysisDebug|Any CPU.ActiveCfg = Debug|Any CPU
		{F3C863EC-33F4-4ED2-9D67-00BF3EEEAB64}.CodeAnalysisDebug|Any CPU.Build.0 = Debug|Any CPU
		{F3C863EC-33F4-4ED2-9D67-00BF3EEEAB64}.CodeAnalysisDebug|Mixed Platforms.ActiveCfg = Debug|x64
		{F3C863EC-33F4-4ED2-9D67-00BF3EEEAB64}.CodeAnalysisDebug|Mixed Platforms.Build.0 = Debug|x64
		{F3C863EC-33F4-4ED2-9D67-00BF3EEEAB64}.CodeAnalysisDebug|Win32.ActiveCfg = Debug|x64
		{F3C863EC-33F4-4ED2-9D67-00BF3EEEAB64}.CodeAnalysisDebug|x64.ActiveCfg = Debug|x64
		{F3C863EC-33F4-4ED2-9D67-00BF3EEEAB64}.CodeAnalysisDebug|x64.Build.0 = Debug|x64
		{F3C863EC-33F4-4ED2-9D67-00BF3EEEAB64}.CodeAnalysisDebug|x86.ActiveCfg = Debug|x64
		{F3C863EC-33F4-4ED2-9D67-00BF3EEEAB64}.Debug with FxCop|Any CPU.ActiveCfg = Debug|x64
		{F3C863EC-33F4-4ED2-9D67-00BF3EEEAB64}.Debug with FxCop|Mixed Platforms.ActiveCfg = Debug|x64
		{F3C863EC-33F4-4ED2-9D67-00BF3EEEAB64}.Debug with FxCop|Mixed Platforms.Build.0 = Debug|x64
		{F3C863EC-33F4-4ED2-9D67-00BF3EEEAB64}.Debug with FxCop|Win32.ActiveCfg = Debug|x64
		{F3C863EC-33F4-4ED2-9D67-00BF3EEEAB64}.Debug with FxCop|x64.ActiveCfg = Debug|x64
		{F3C863EC-33F4-4ED2-9D67-00BF3EEEAB64}.Debug with FxCop|x64.Build.0 = Debug|x64
		{F3C863EC-33F4-4ED2-9D67-00BF3EEEAB64}.Debug with FxCop|x86.ActiveCfg = Debug|x64
		{F3C863EC-33F4-4ED2-9D67-00BF3EEEAB64}.Debug|Any CPU.ActiveCfg = Debug|Any CPU
		{F3C863EC-33F4-4ED2-9D67-00BF3EEEAB64}.Debug|Any CPU.Build.0 = Debug|Any CPU
		{F3C863EC-33F4-4ED2-9D67-00BF3EEEAB64}.Debug|Mixed Platforms.ActiveCfg = Debug|x64
		{F3C863EC-33F4-4ED2-9D67-00BF3EEEAB64}.Debug|Mixed Platforms.Build.0 = Debug|x64
		{F3C863EC-33F4-4ED2-9D67-00BF3EEEAB64}.Debug|Win32.ActiveCfg = Debug|x64
		{F3C863EC-33F4-4ED2-9D67-00BF3EEEAB64}.Debug|x64.ActiveCfg = Debug|x64
		{F3C863EC-33F4-4ED2-9D67-00BF3EEEAB64}.Debug|x64.Build.0 = Debug|x64
		{F3C863EC-33F4-4ED2-9D67-00BF3EEEAB64}.Debug|x86.ActiveCfg = Debug|x64
		{F3C863EC-33F4-4ED2-9D67-00BF3EEEAB64}.Release with FxCop|Any CPU.ActiveCfg = Release|x64
		{F3C863EC-33F4-4ED2-9D67-00BF3EEEAB64}.Release with FxCop|Mixed Platforms.ActiveCfg = Release|x64
		{F3C863EC-33F4-4ED2-9D67-00BF3EEEAB64}.Release with FxCop|Mixed Platforms.Build.0 = Release|x64
		{F3C863EC-33F4-4ED2-9D67-00BF3EEEAB64}.Release with FxCop|Win32.ActiveCfg = Release|x64
		{F3C863EC-33F4-4ED2-9D67-00BF3EEEAB64}.Release with FxCop|x64.ActiveCfg = Release|x64
		{F3C863EC-33F4-4ED2-9D67-00BF3EEEAB64}.Release with FxCop|x64.Build.0 = Release|x64
		{F3C863EC-33F4-4ED2-9D67-00BF3EEEAB64}.Release with FxCop|x86.ActiveCfg = Release|x64
		{F3C863EC-33F4-4ED2-9D67-00BF3EEEAB64}.Release|Any CPU.ActiveCfg = Release|Any CPU
		{F3C863EC-33F4-4ED2-9D67-00BF3EEEAB64}.Release|Any CPU.Build.0 = Release|Any CPU
		{F3C863EC-33F4-4ED2-9D67-00BF3EEEAB64}.Release|Mixed Platforms.ActiveCfg = Release|x64
		{F3C863EC-33F4-4ED2-9D67-00BF3EEEAB64}.Release|Mixed Platforms.Build.0 = Release|x64
		{F3C863EC-33F4-4ED2-9D67-00BF3EEEAB64}.Release|Win32.ActiveCfg = Release|x64
		{F3C863EC-33F4-4ED2-9D67-00BF3EEEAB64}.Release|x64.ActiveCfg = Release|x64
		{F3C863EC-33F4-4ED2-9D67-00BF3EEEAB64}.Release|x64.Build.0 = Release|x64
		{F3C863EC-33F4-4ED2-9D67-00BF3EEEAB64}.Release|x86.ActiveCfg = Release|x64
		{89FBB7C7-09AC-4407-876E-F9B3E6A8EE2F}.CodeAnalysisDebug|Any CPU.ActiveCfg = Debug|Any CPU
		{89FBB7C7-09AC-4407-876E-F9B3E6A8EE2F}.CodeAnalysisDebug|Any CPU.Build.0 = Debug|Any CPU
		{89FBB7C7-09AC-4407-876E-F9B3E6A8EE2F}.CodeAnalysisDebug|Mixed Platforms.ActiveCfg = Debug|Any CPU
		{89FBB7C7-09AC-4407-876E-F9B3E6A8EE2F}.CodeAnalysisDebug|Mixed Platforms.Build.0 = Debug|Any CPU
		{89FBB7C7-09AC-4407-876E-F9B3E6A8EE2F}.CodeAnalysisDebug|Win32.ActiveCfg = Debug|Any CPU
		{89FBB7C7-09AC-4407-876E-F9B3E6A8EE2F}.CodeAnalysisDebug|x64.ActiveCfg = Debug|Any CPU
		{89FBB7C7-09AC-4407-876E-F9B3E6A8EE2F}.CodeAnalysisDebug|x86.ActiveCfg = Debug|Any CPU
		{89FBB7C7-09AC-4407-876E-F9B3E6A8EE2F}.Debug with FxCop|Any CPU.ActiveCfg = Debug|Any CPU
		{89FBB7C7-09AC-4407-876E-F9B3E6A8EE2F}.Debug with FxCop|Any CPU.Build.0 = Debug|Any CPU
		{89FBB7C7-09AC-4407-876E-F9B3E6A8EE2F}.Debug with FxCop|Mixed Platforms.ActiveCfg = Debug|Any CPU
		{89FBB7C7-09AC-4407-876E-F9B3E6A8EE2F}.Debug with FxCop|Mixed Platforms.Build.0 = Debug|Any CPU
		{89FBB7C7-09AC-4407-876E-F9B3E6A8EE2F}.Debug with FxCop|Win32.ActiveCfg = Debug|Any CPU
		{89FBB7C7-09AC-4407-876E-F9B3E6A8EE2F}.Debug with FxCop|x64.ActiveCfg = Debug|Any CPU
		{89FBB7C7-09AC-4407-876E-F9B3E6A8EE2F}.Debug with FxCop|x86.ActiveCfg = Debug|Any CPU
		{89FBB7C7-09AC-4407-876E-F9B3E6A8EE2F}.Debug|Any CPU.ActiveCfg = Debug|Any CPU
		{89FBB7C7-09AC-4407-876E-F9B3E6A8EE2F}.Debug|Any CPU.Build.0 = Debug|Any CPU
		{89FBB7C7-09AC-4407-876E-F9B3E6A8EE2F}.Debug|Mixed Platforms.ActiveCfg = Debug|Any CPU
		{89FBB7C7-09AC-4407-876E-F9B3E6A8EE2F}.Debug|Mixed Platforms.Build.0 = Debug|Any CPU
		{89FBB7C7-09AC-4407-876E-F9B3E6A8EE2F}.Debug|Win32.ActiveCfg = Debug|Any CPU
		{89FBB7C7-09AC-4407-876E-F9B3E6A8EE2F}.Debug|x64.ActiveCfg = Debug|Any CPU
		{89FBB7C7-09AC-4407-876E-F9B3E6A8EE2F}.Debug|x86.ActiveCfg = Debug|Any CPU
		{89FBB7C7-09AC-4407-876E-F9B3E6A8EE2F}.Release with FxCop|Any CPU.ActiveCfg = Release|Any CPU
		{89FBB7C7-09AC-4407-876E-F9B3E6A8EE2F}.Release with FxCop|Any CPU.Build.0 = Release|Any CPU
		{89FBB7C7-09AC-4407-876E-F9B3E6A8EE2F}.Release with FxCop|Mixed Platforms.ActiveCfg = Release|Any CPU
		{89FBB7C7-09AC-4407-876E-F9B3E6A8EE2F}.Release with FxCop|Mixed Platforms.Build.0 = Release|Any CPU
		{89FBB7C7-09AC-4407-876E-F9B3E6A8EE2F}.Release with FxCop|Win32.ActiveCfg = Release|Any CPU
		{89FBB7C7-09AC-4407-876E-F9B3E6A8EE2F}.Release with FxCop|x64.ActiveCfg = Release|Any CPU
		{89FBB7C7-09AC-4407-876E-F9B3E6A8EE2F}.Release with FxCop|x86.ActiveCfg = Release|Any CPU
		{89FBB7C7-09AC-4407-876E-F9B3E6A8EE2F}.Release|Any CPU.ActiveCfg = Release|Any CPU
		{89FBB7C7-09AC-4407-876E-F9B3E6A8EE2F}.Release|Any CPU.Build.0 = Release|Any CPU
		{89FBB7C7-09AC-4407-876E-F9B3E6A8EE2F}.Release|Mixed Platforms.ActiveCfg = Release|Any CPU
		{89FBB7C7-09AC-4407-876E-F9B3E6A8EE2F}.Release|Mixed Platforms.Build.0 = Release|Any CPU
		{89FBB7C7-09AC-4407-876E-F9B3E6A8EE2F}.Release|Win32.ActiveCfg = Release|Any CPU
		{89FBB7C7-09AC-4407-876E-F9B3E6A8EE2F}.Release|x64.ActiveCfg = Release|Any CPU
		{89FBB7C7-09AC-4407-876E-F9B3E6A8EE2F}.Release|x86.ActiveCfg = Release|Any CPU
		{455B0C11-236A-4A4E-956F-1A3E41B7260B}.CodeAnalysisDebug|Any CPU.ActiveCfg = Debug|Any CPU
		{455B0C11-236A-4A4E-956F-1A3E41B7260B}.CodeAnalysisDebug|Any CPU.Build.0 = Debug|Any CPU
		{455B0C11-236A-4A4E-956F-1A3E41B7260B}.CodeAnalysisDebug|Mixed Platforms.ActiveCfg = Debug|x86
		{455B0C11-236A-4A4E-956F-1A3E41B7260B}.CodeAnalysisDebug|Mixed Platforms.Build.0 = Debug|x86
		{455B0C11-236A-4A4E-956F-1A3E41B7260B}.CodeAnalysisDebug|Win32.ActiveCfg = Debug|x86
		{455B0C11-236A-4A4E-956F-1A3E41B7260B}.CodeAnalysisDebug|x64.ActiveCfg = Debug|x86
		{455B0C11-236A-4A4E-956F-1A3E41B7260B}.CodeAnalysisDebug|x86.ActiveCfg = Debug|x86
		{455B0C11-236A-4A4E-956F-1A3E41B7260B}.CodeAnalysisDebug|x86.Build.0 = Debug|x86
		{455B0C11-236A-4A4E-956F-1A3E41B7260B}.Debug with FxCop|Any CPU.ActiveCfg = Debug|x86
		{455B0C11-236A-4A4E-956F-1A3E41B7260B}.Debug with FxCop|Mixed Platforms.ActiveCfg = Debug|x86
		{455B0C11-236A-4A4E-956F-1A3E41B7260B}.Debug with FxCop|Mixed Platforms.Build.0 = Debug|x86
		{455B0C11-236A-4A4E-956F-1A3E41B7260B}.Debug with FxCop|Win32.ActiveCfg = Debug|x86
		{455B0C11-236A-4A4E-956F-1A3E41B7260B}.Debug with FxCop|x64.ActiveCfg = Debug|x86
		{455B0C11-236A-4A4E-956F-1A3E41B7260B}.Debug with FxCop|x86.ActiveCfg = Debug|x86
		{455B0C11-236A-4A4E-956F-1A3E41B7260B}.Debug with FxCop|x86.Build.0 = Debug|x86
		{455B0C11-236A-4A4E-956F-1A3E41B7260B}.Debug|Any CPU.ActiveCfg = Debug|Any CPU
		{455B0C11-236A-4A4E-956F-1A3E41B7260B}.Debug|Any CPU.Build.0 = Debug|Any CPU
		{455B0C11-236A-4A4E-956F-1A3E41B7260B}.Debug|Mixed Platforms.ActiveCfg = Debug|x86
		{455B0C11-236A-4A4E-956F-1A3E41B7260B}.Debug|Mixed Platforms.Build.0 = Debug|x86
		{455B0C11-236A-4A4E-956F-1A3E41B7260B}.Debug|Win32.ActiveCfg = Debug|x86
		{455B0C11-236A-4A4E-956F-1A3E41B7260B}.Debug|x64.ActiveCfg = Debug|x86
		{455B0C11-236A-4A4E-956F-1A3E41B7260B}.Debug|x86.ActiveCfg = Debug|x86
		{455B0C11-236A-4A4E-956F-1A3E41B7260B}.Debug|x86.Build.0 = Debug|x86
		{455B0C11-236A-4A4E-956F-1A3E41B7260B}.Release with FxCop|Any CPU.ActiveCfg = Release|x86
		{455B0C11-236A-4A4E-956F-1A3E41B7260B}.Release with FxCop|Mixed Platforms.ActiveCfg = Release|x86
		{455B0C11-236A-4A4E-956F-1A3E41B7260B}.Release with FxCop|Mixed Platforms.Build.0 = Release|x86
		{455B0C11-236A-4A4E-956F-1A3E41B7260B}.Release with FxCop|Win32.ActiveCfg = Release|x86
		{455B0C11-236A-4A4E-956F-1A3E41B7260B}.Release with FxCop|x64.ActiveCfg = Release|x86
		{455B0C11-236A-4A4E-956F-1A3E41B7260B}.Release with FxCop|x86.ActiveCfg = Release|x86
		{455B0C11-236A-4A4E-956F-1A3E41B7260B}.Release with FxCop|x86.Build.0 = Release|x86
		{455B0C11-236A-4A4E-956F-1A3E41B7260B}.Release|Any CPU.ActiveCfg = Release|Any CPU
		{455B0C11-236A-4A4E-956F-1A3E41B7260B}.Release|Any CPU.Build.0 = Release|Any CPU
		{455B0C11-236A-4A4E-956F-1A3E41B7260B}.Release|Mixed Platforms.ActiveCfg = Release|x86
		{455B0C11-236A-4A4E-956F-1A3E41B7260B}.Release|Mixed Platforms.Build.0 = Release|x86
		{455B0C11-236A-4A4E-956F-1A3E41B7260B}.Release|Win32.ActiveCfg = Release|x86
		{455B0C11-236A-4A4E-956F-1A3E41B7260B}.Release|x64.ActiveCfg = Release|x86
		{455B0C11-236A-4A4E-956F-1A3E41B7260B}.Release|x86.ActiveCfg = Release|x86
		{455B0C11-236A-4A4E-956F-1A3E41B7260B}.Release|x86.Build.0 = Release|x86
	EndGlobalSection
	GlobalSection(SolutionProperties) = preSolution
		HideSolutionNode = FALSE
	EndGlobalSection
EndGlobal
